// !$*UTF8*$!
{
	archiveVersion = 1;
	classes = {
	};
	objectVersion = 77;
	objects = {

/* Begin PBXBuildFile section */
		2A8D58AD2CBBB71000195C72 /* AppDelegate.swift in Sources */ = {isa = PBXBuildFile; fileRef = 2A8D58A32CBBB71000195C72 /* AppDelegate.swift */; };
		2A8D58AE2CBBB71000195C72 /* SceneDelegate.swift in Sources */ = {isa = PBXBuildFile; fileRef = 2A8D58AA2CBBB71000195C72 /* SceneDelegate.swift */; };
		2A8D58AF2CBBB71000195C72 /* ViewController.swift in Sources */ = {isa = PBXBuildFile; fileRef = 2A8D58AB2CBBB71000195C72 /* ViewController.swift */; };
		2A8D58B02CBBB71000195C72 /* Assets.xcassets in Resources */ = {isa = PBXBuildFile; fileRef = 2A8D58A42CBBB71000195C72 /* Assets.xcassets */; };
		2A8D58B22CBBB71000195C72 /* LaunchScreen.storyboard in Resources */ = {isa = PBXBuildFile; fileRef = 2A8D58A72CBBB71000195C72 /* LaunchScreen.storyboard */; };
		2A8D58B32CBBB71000195C72 /* Main.storyboard in Resources */ = {isa = PBXBuildFile; fileRef = 2A8D58A92CBBB71000195C72 /* Main.storyboard */; };
		2AF49E132CBBEF5700663FD5 /* JY_Sandbox_Tool.swift in Sources */ = {isa = PBXBuildFile; fileRef = 2AF49E0F2CBBEF5700663FD5 /* JY_Sandbox_Tool.swift */; };
		2AF49E142CBBEF5700663FD5 /* JY_Sandbox_Tool_Cache.swift in Sources */ = {isa = PBXBuildFile; fileRef = 2AF49E102CBBEF5700663FD5 /* JY_Sandbox_Tool_Cache.swift */; };
		2AF49E152CBBEF5700663FD5 /* JY_Sandbox_Tool_Path.swift in Sources */ = {isa = PBXBuildFile; fileRef = 2AF49E112CBBEF5700663FD5 /* JY_Sandbox_Tool_Path.swift */; };
		2AF49E1B2CBBEF5900663FD5 /* JY_Localization_Tool.md in Resources */ = {isa = PBXBuildFile; fileRef = 2AF49E172CBBEF5900663FD5 /* JY_Localization_Tool.md */; };
		2AF49E1C2CBBEF5900663FD5 /* JY_Enum_Language.swift in Sources */ = {isa = PBXBuildFile; fileRef = 2AF49E162CBBEF5900663FD5 /* JY_Enum_Language.swift */; };
		2AF49E1D2CBBEF5900663FD5 /* JY_Localization_Tool.swift in Sources */ = {isa = PBXBuildFile; fileRef = 2AF49E182CBBEF5900663FD5 /* JY_Localization_Tool.swift */; };
		2AF49E1E2CBBEF5900663FD5 /* JY_Localization_Tool_Extension.swift in Sources */ = {isa = PBXBuildFile; fileRef = 2AF49E192CBBEF5900663FD5 /* JY_Localization_Tool_Extension.swift */; };
		2AF49E2A2CBBEF5D00663FD5 /* Extension 说明.md in Resources */ = {isa = PBXBuildFile; fileRef = 2AF49E1F2CBBEF5D00663FD5 /* Extension 说明.md */; };
		2AF49E2B2CBBEF5D00663FD5 /* JY_Date_Tool.swift in Sources */ = {isa = PBXBuildFile; fileRef = 2AF49E202CBBEF5D00663FD5 /* JY_Date_Tool.swift */; };
		2AF49E2C2CBBEF5D00663FD5 /* JY_Extension_CommonCrypto.swift in Sources */ = {isa = PBXBuildFile; fileRef = 2AF49E212CBBEF5D00663FD5 /* JY_Extension_CommonCrypto.swift */; };
		2AF49E2D2CBBEF5D00663FD5 /* JY_Extension_Int.swift in Sources */ = {isa = PBXBuildFile; fileRef = 2AF49E222CBBEF5D00663FD5 /* JY_Extension_Int.swift */; };
		2AF49E2E2CBBEF5D00663FD5 /* JY_Extension_UIApplication.swift in Sources */ = {isa = PBXBuildFile; fileRef = 2AF49E232CBBEF5D00663FD5 /* JY_Extension_UIApplication.swift */; };
		2AF49E2F2CBBEF5D00663FD5 /* JY_Extension_UIColor.swift in Sources */ = {isa = PBXBuildFile; fileRef = 2AF49E242CBBEF5D00663FD5 /* JY_Extension_UIColor.swift */; };
		2AF49E302CBBEF5D00663FD5 /* JY_Extension_UIFont.swift in Sources */ = {isa = PBXBuildFile; fileRef = 2AF49E252CBBEF5D00663FD5 /* JY_Extension_UIFont.swift */; };
		2AF49E312CBBEF5D00663FD5 /* JY_Extension_UIImage.swift in Sources */ = {isa = PBXBuildFile; fileRef = 2AF49E262CBBEF5D00663FD5 /* JY_Extension_UIImage.swift */; };
		2AF49E322CBBEF5D00663FD5 /* JY_Extension_UIWindow.swift in Sources */ = {isa = PBXBuildFile; fileRef = 2AF49E272CBBEF5D00663FD5 /* JY_Extension_UIWindow.swift */; };
		2AF49E332CBBEF5D00663FD5 /* JY_FileManager_Tool.swift in Sources */ = {isa = PBXBuildFile; fileRef = 2AF49E282CBBEF5D00663FD5 /* JY_FileManager_Tool.swift */; };
		2AF49E392CBBEF6100663FD5 /* Screen 说明.md in Resources */ = {isa = PBXBuildFile; fileRef = 2AF49E372CBBEF6100663FD5 /* Screen 说明.md */; };
		2AF49E3A2CBBEF6100663FD5 /* JY_Device.swift in Sources */ = {isa = PBXBuildFile; fileRef = 2AF49E342CBBEF6100663FD5 /* JY_Device.swift */; };
		2AF49E3B2CBBEF6100663FD5 /* JY_Extension_UIDevice.swift in Sources */ = {isa = PBXBuildFile; fileRef = 2AF49E352CBBEF6100663FD5 /* JY_Extension_UIDevice.swift */; };
		2AF49E3C2CBBEF6100663FD5 /* JY_Extension_UIScreen.swift in Sources */ = {isa = PBXBuildFile; fileRef = 2AF49E362CBBEF6100663FD5 /* JY_Extension_UIScreen.swift */; };
		2AF49E3E2CBBEF7800663FD5 /* Tool 说明.md in Resources */ = {isa = PBXBuildFile; fileRef = 2AF49E3D2CBBEF7100663FD5 /* Tool 说明.md */; };
		2AF49E412CBBEFD600663FD5 /* JY_Json_Tool.swift in Sources */ = {isa = PBXBuildFile; fileRef = 2AF49E402CBBEFD600663FD5 /* JY_Json_Tool.swift */; };
		2AF49E442CBBF03500663FD5 /* JY_TextField.swift in Sources */ = {isa = PBXBuildFile; fileRef = 2AF49E432CBBF03500663FD5 /* JY_TextField.swift */; };
		2AF49E462CBBF05800663FD5 /* TextField 说明.md in Resources */ = {isa = PBXBuildFile; fileRef = 2AF49E452CBBF04B00663FD5 /* TextField 说明.md */; };
		2AF49E492CBBF11900663FD5 /* JY_Base_Controller.swift in Sources */ = {isa = PBXBuildFile; fileRef = 2AF49E482CBBF11900663FD5 /* JY_Base_Controller.swift */; };
		2AF49E4B2CBBF13400663FD5 /* JY_Base_Loading_View.swift in Sources */ = {isa = PBXBuildFile; fileRef = 2AF49E4A2CBBF13400663FD5 /* JY_Base_Loading_View.swift */; };
		2AF49E4D2CBBF17400663FD5 /* JY_Enum_BaseController_Status.swift in Sources */ = {isa = PBXBuildFile; fileRef = 2AF49E4C2CBBF16E00663FD5 /* JY_Enum_BaseController_Status.swift */; };
		2AF49E4F2CBBF19C00663FD5 /* JY_Status_View.swift in Sources */ = {isa = PBXBuildFile; fileRef = 2AF49E4E2CBBF19C00663FD5 /* JY_Status_View.swift */; };
		2AF49E512CBBF1C000663FD5 /* BaseController 说明.md in Sources */ = {isa = PBXBuildFile; fileRef = 2AF49E502CBBF1B700663FD5 /* BaseController 说明.md */; };
		2AF49E542CBBF5A300663FD5 /* JYTools.strings in Resources */ = {isa = PBXBuildFile; fileRef = 2AF49E522CBBF5A300663FD5 /* JYTools.strings */; };
		A117B5272D228E1500288513 /* JY_Controller_Config.swift in Sources */ = {isa = PBXBuildFile; fileRef = A117B5262D228E1500288513 /* JY_Controller_Config.swift */; };
/* End PBXBuildFile section */

/* Begin PBXFileReference section */
		2A8D58682CBBB65C00195C72 /* JYTools.app */ = {isa = PBXFileReference; explicitFileType = wrapper.application; includeInIndex = 0; path = JYTools.app; sourceTree = BUILT_PRODUCTS_DIR; };
		2A8D58A32CBBB71000195C72 /* AppDelegate.swift */ = {isa = PBXFileReference; lastKnownFileType = sourcecode.swift; path = AppDelegate.swift; sourceTree = "<group>"; };
		2A8D58A42CBBB71000195C72 /* Assets.xcassets */ = {isa = PBXFileReference; lastKnownFileType = folder.assetcatalog; path = Assets.xcassets; sourceTree = "<group>"; };
		2A8D58A52CBBB71000195C72 /* Info.plist */ = {isa = PBXFileReference; lastKnownFileType = text.plist.xml; path = Info.plist; sourceTree = "<group>"; };
		2A8D58A62CBBB71000195C72 /* Base */ = {isa = PBXFileReference; lastKnownFileType = file.storyboard; name = Base; path = Base.lproj/LaunchScreen.storyboard; sourceTree = "<group>"; };
		2A8D58A82CBBB71000195C72 /* Base */ = {isa = PBXFileReference; lastKnownFileType = file.storyboard; name = Base; path = Base.lproj/Main.storyboard; sourceTree = "<group>"; };
		2A8D58AA2CBBB71000195C72 /* SceneDelegate.swift */ = {isa = PBXFileReference; lastKnownFileType = sourcecode.swift; path = SceneDelegate.swift; sourceTree = "<group>"; };
		2A8D58AB2CBBB71000195C72 /* ViewController.swift */ = {isa = PBXFileReference; lastKnownFileType = sourcecode.swift; path = ViewController.swift; sourceTree = "<group>"; };
		2AF49E0F2CBBEF5700663FD5 /* JY_Sandbox_Tool.swift */ = {isa = PBXFileReference; lastKnownFileType = sourcecode.swift; path = JY_Sandbox_Tool.swift; sourceTree = "<group>"; };
		2AF49E102CBBEF5700663FD5 /* JY_Sandbox_Tool_Cache.swift */ = {isa = PBXFileReference; lastKnownFileType = sourcecode.swift; path = JY_Sandbox_Tool_Cache.swift; sourceTree = "<group>"; };
		2AF49E112CBBEF5700663FD5 /* JY_Sandbox_Tool_Path.swift */ = {isa = PBXFileReference; lastKnownFileType = sourcecode.swift; path = JY_Sandbox_Tool_Path.swift; sourceTree = "<group>"; };
		2AF49E162CBBEF5900663FD5 /* JY_Enum_Language.swift */ = {isa = PBXFileReference; lastKnownFileType = sourcecode.swift; path = JY_Enum_Language.swift; sourceTree = "<group>"; };
		2AF49E172CBBEF5900663FD5 /* JY_Localization_Tool.md */ = {isa = PBXFileReference; lastKnownFileType = net.daringfireball.markdown; path = JY_Localization_Tool.md; sourceTree = "<group>"; };
		2AF49E182CBBEF5900663FD5 /* JY_Localization_Tool.swift */ = {isa = PBXFileReference; lastKnownFileType = sourcecode.swift; path = JY_Localization_Tool.swift; sourceTree = "<group>"; };
		2AF49E192CBBEF5900663FD5 /* JY_Localization_Tool_Extension.swift */ = {isa = PBXFileReference; lastKnownFileType = sourcecode.swift; path = JY_Localization_Tool_Extension.swift; sourceTree = "<group>"; };
		2AF49E1F2CBBEF5D00663FD5 /* Extension 说明.md */ = {isa = PBXFileReference; lastKnownFileType = net.daringfireball.markdown; path = "Extension 说明.md"; sourceTree = "<group>"; };
		2AF49E202CBBEF5D00663FD5 /* JY_Date_Tool.swift */ = {isa = PBXFileReference; lastKnownFileType = sourcecode.swift; path = JY_Date_Tool.swift; sourceTree = "<group>"; };
		2AF49E212CBBEF5D00663FD5 /* JY_Extension_CommonCrypto.swift */ = {isa = PBXFileReference; lastKnownFileType = sourcecode.swift; path = JY_Extension_CommonCrypto.swift; sourceTree = "<group>"; };
		2AF49E222CBBEF5D00663FD5 /* JY_Extension_Int.swift */ = {isa = PBXFileReference; lastKnownFileType = sourcecode.swift; path = JY_Extension_Int.swift; sourceTree = "<group>"; };
		2AF49E232CBBEF5D00663FD5 /* JY_Extension_UIApplication.swift */ = {isa = PBXFileReference; lastKnownFileType = sourcecode.swift; path = JY_Extension_UIApplication.swift; sourceTree = "<group>"; };
		2AF49E242CBBEF5D00663FD5 /* JY_Extension_UIColor.swift */ = {isa = PBXFileReference; lastKnownFileType = sourcecode.swift; path = JY_Extension_UIColor.swift; sourceTree = "<group>"; };
		2AF49E252CBBEF5D00663FD5 /* JY_Extension_UIFont.swift */ = {isa = PBXFileReference; lastKnownFileType = sourcecode.swift; path = JY_Extension_UIFont.swift; sourceTree = "<group>"; };
		2AF49E262CBBEF5D00663FD5 /* JY_Extension_UIImage.swift */ = {isa = PBXFileReference; lastKnownFileType = sourcecode.swift; path = JY_Extension_UIImage.swift; sourceTree = "<group>"; };
		2AF49E272CBBEF5D00663FD5 /* JY_Extension_UIWindow.swift */ = {isa = PBXFileReference; lastKnownFileType = sourcecode.swift; path = JY_Extension_UIWindow.swift; sourceTree = "<group>"; };
		2AF49E282CBBEF5D00663FD5 /* JY_FileManager_Tool.swift */ = {isa = PBXFileReference; lastKnownFileType = sourcecode.swift; path = JY_FileManager_Tool.swift; sourceTree = "<group>"; };
		2AF49E342CBBEF6100663FD5 /* JY_Device.swift */ = {isa = PBXFileReference; lastKnownFileType = sourcecode.swift; path = JY_Device.swift; sourceTree = "<group>"; };
		2AF49E352CBBEF6100663FD5 /* JY_Extension_UIDevice.swift */ = {isa = PBXFileReference; lastKnownFileType = sourcecode.swift; path = JY_Extension_UIDevice.swift; sourceTree = "<group>"; };
		2AF49E362CBBEF6100663FD5 /* JY_Extension_UIScreen.swift */ = {isa = PBXFileReference; lastKnownFileType = sourcecode.swift; path = JY_Extension_UIScreen.swift; sourceTree = "<group>"; };
		2AF49E372CBBEF6100663FD5 /* Screen 说明.md */ = {isa = PBXFileReference; lastKnownFileType = net.daringfireball.markdown; path = "Screen 说明.md"; sourceTree = "<group>"; };
		2AF49E3D2CBBEF7100663FD5 /* Tool 说明.md */ = {isa = PBXFileReference; lastKnownFileType = net.daringfireball.markdown; path = "Tool 说明.md"; sourceTree = "<group>"; };
		2AF49E402CBBEFD600663FD5 /* JY_Json_Tool.swift */ = {isa = PBXFileReference; lastKnownFileType = sourcecode.swift; path = JY_Json_Tool.swift; sourceTree = "<group>"; };
		2AF49E432CBBF03500663FD5 /* JY_TextField.swift */ = {isa = PBXFileReference; lastKnownFileType = sourcecode.swift; path = JY_TextField.swift; sourceTree = "<group>"; };
		2AF49E452CBBF04B00663FD5 /* TextField 说明.md */ = {isa = PBXFileReference; lastKnownFileType = net.daringfireball.markdown; path = "TextField 说明.md"; sourceTree = "<group>"; };
		2AF49E482CBBF11900663FD5 /* JY_Base_Controller.swift */ = {isa = PBXFileReference; lastKnownFileType = sourcecode.swift; path = JY_Base_Controller.swift; sourceTree = "<group>"; };
		2AF49E4A2CBBF13400663FD5 /* JY_Base_Loading_View.swift */ = {isa = PBXFileReference; lastKnownFileType = sourcecode.swift; path = JY_Base_Loading_View.swift; sourceTree = "<group>"; };
		2AF49E4C2CBBF16E00663FD5 /* JY_Enum_BaseController_Status.swift */ = {isa = PBXFileReference; lastKnownFileType = sourcecode.swift; path = JY_Enum_BaseController_Status.swift; sourceTree = "<group>"; };
		2AF49E4E2CBBF19C00663FD5 /* JY_Status_View.swift */ = {isa = PBXFileReference; lastKnownFileType = sourcecode.swift; path = JY_Status_View.swift; sourceTree = "<group>"; };
		2AF49E502CBBF1B700663FD5 /* BaseController 说明.md */ = {isa = PBXFileReference; lastKnownFileType = net.daringfireball.markdown; path = "BaseController 说明.md"; sourceTree = "<group>"; };
		2AF49E532CBBF5A300663FD5 /* en */ = {isa = PBXFileReference; lastKnownFileType = text.plist.strings; name = en; path = en.lproj/JYTools.strings; sourceTree = "<group>"; };
		A117B5262D228E1500288513 /* JY_Controller_Config.swift */ = {isa = PBXFileReference; lastKnownFileType = sourcecode.swift; path = JY_Controller_Config.swift; sourceTree = "<group>"; };
/* End PBXFileReference section */

/* Begin PBXFrameworksBuildPhase section */
		2A8D58652CBBB65C00195C72 /* Frameworks */ = {
			isa = PBXFrameworksBuildPhase;
			buildActionMask = 2147483647;
			files = (
			);
			runOnlyForDeploymentPostprocessing = 0;
		};
/* End PBXFrameworksBuildPhase section */

/* Begin PBXGroup section */
		2A8D585F2CBBB65C00195C72 = {
			isa = PBXGroup;
			children = (
				2A8D58C12CBBB98E00195C72 /* Tools */,
				2A8D58AC2CBBB71000195C72 /* JYTools */,
				2A8D58692CBBB65C00195C72 /* Products */,
			);
			sourceTree = "<group>";
		};
		2A8D58692CBBB65C00195C72 /* Products */ = {
			isa = PBXGroup;
			children = (
				2A8D58682CBBB65C00195C72 /* JYTools.app */,
			);
			name = Products;
			sourceTree = "<group>";
		};
		2A8D58AC2CBBB71000195C72 /* JYTools */ = {
			isa = PBXGroup;
			children = (
				2A8D58A32CBBB71000195C72 /* AppDelegate.swift */,
				2A8D58A42CBBB71000195C72 /* Assets.xcassets */,
				2A8D58A52CBBB71000195C72 /* Info.plist */,
				2A8D58A72CBBB71000195C72 /* LaunchScreen.storyboard */,
				2A8D58A92CBBB71000195C72 /* Main.storyboard */,
				2A8D58AA2CBBB71000195C72 /* SceneDelegate.swift */,
				2A8D58AB2CBBB71000195C72 /* ViewController.swift */,
				2AF49E522CBBF5A300663FD5 /* JYTools.strings */,
			);
			path = JYTools;
			sourceTree = "<group>";
		};
		2A8D58C12CBBB98E00195C72 /* Tools */ = {
			isa = PBXGroup;
			children = (
				2AF49E472CBBF10700663FD5 /* Controller */,
				2AF49E422CBBF02400663FD5 /* TextField */,
				2AF49E292CBBEF5D00663FD5 /* Extension */,
				2AF49E1A2CBBEF5900663FD5 /* Localization */,
				2AF49E122CBBEF5700663FD5 /* Sandbox */,
				2AF49E382CBBEF6100663FD5 /* Screen */,
				2AF49DE02CBBEF4000663FD5 /* Tool */,
			);
			path = Tools;
			sourceTree = "<group>";
		};
		2AF49DE02CBBEF4000663FD5 /* Tool */ = {
			isa = PBXGroup;
			children = (
				2AF49E3D2CBBEF7100663FD5 /* Tool 说明.md */,
				2AF49E202CBBEF5D00663FD5 /* JY_Date_Tool.swift */,
				2AF49E282CBBEF5D00663FD5 /* JY_FileManager_Tool.swift */,
				2AF49E402CBBEFD600663FD5 /* JY_Json_Tool.swift */,
			);
			path = Tool;
			sourceTree = "<group>";
		};
		2AF49E122CBBEF5700663FD5 /* Sandbox */ = {
			isa = PBXGroup;
			children = (
				2AF49E0F2CBBEF5700663FD5 /* JY_Sandbox_Tool.swift */,
				2AF49E102CBBEF5700663FD5 /* JY_Sandbox_Tool_Cache.swift */,
				2AF49E112CBBEF5700663FD5 /* JY_Sandbox_Tool_Path.swift */,
			);
			path = Sandbox;
			sourceTree = "<group>";
		};
		2AF49E1A2CBBEF5900663FD5 /* Localization */ = {
			isa = PBXGroup;
			children = (
				2AF49E162CBBEF5900663FD5 /* JY_Enum_Language.swift */,
				2AF49E172CBBEF5900663FD5 /* JY_Localization_Tool.md */,
				2AF49E182CBBEF5900663FD5 /* JY_Localization_Tool.swift */,
				2AF49E192CBBEF5900663FD5 /* JY_Localization_Tool_Extension.swift */,
			);
			path = Localization;
			sourceTree = "<group>";
		};
		2AF49E292CBBEF5D00663FD5 /* Extension */ = {
			isa = PBXGroup;
			children = (
				2AF49E1F2CBBEF5D00663FD5 /* Extension 说明.md */,
				2AF49E212CBBEF5D00663FD5 /* JY_Extension_CommonCrypto.swift */,
				2AF49E222CBBEF5D00663FD5 /* JY_Extension_Int.swift */,
				2AF49E232CBBEF5D00663FD5 /* JY_Extension_UIApplication.swift */,
				2AF49E242CBBEF5D00663FD5 /* JY_Extension_UIColor.swift */,
				2AF49E252CBBEF5D00663FD5 /* JY_Extension_UIFont.swift */,
				2AF49E262CBBEF5D00663FD5 /* JY_Extension_UIImage.swift */,
				2AF49E272CBBEF5D00663FD5 /* JY_Extension_UIWindow.swift */,
			);
			path = Extension;
			sourceTree = "<group>";
		};
		2AF49E382CBBEF6100663FD5 /* Screen */ = {
			isa = PBXGroup;
			children = (
				2AF49E342CBBEF6100663FD5 /* JY_Device.swift */,
				2AF49E352CBBEF6100663FD5 /* JY_Extension_UIDevice.swift */,
				2AF49E362CBBEF6100663FD5 /* JY_Extension_UIScreen.swift */,
				2AF49E372CBBEF6100663FD5 /* Screen 说明.md */,
			);
			path = Screen;
			sourceTree = "<group>";
		};
		2AF49E422CBBF02400663FD5 /* TextField */ = {
			isa = PBXGroup;
			children = (
				2AF49E452CBBF04B00663FD5 /* TextField 说明.md */,
				2AF49E432CBBF03500663FD5 /* JY_TextField.swift */,
			);
			path = TextField;
			sourceTree = "<group>";
		};
		2AF49E472CBBF10700663FD5 /* Controller */ = {
			isa = PBXGroup;
			children = (
				2AF49E502CBBF1B700663FD5 /* BaseController 说明.md */,
				2AF49E4C2CBBF16E00663FD5 /* JY_Enum_BaseController_Status.swift */,
				2AF49E482CBBF11900663FD5 /* JY_Base_Controller.swift */,
				2AF49E4A2CBBF13400663FD5 /* JY_Base_Loading_View.swift */,
				2AF49E4E2CBBF19C00663FD5 /* JY_Status_View.swift */,
				A117B5262D228E1500288513 /* JY_Controller_Config.swift */,
			);
			path = Controller;
			sourceTree = "<group>";
		};
/* End PBXGroup section */

/* Begin PBXNativeTarget section */
		2A8D58672CBBB65C00195C72 /* JYTools */ = {
			isa = PBXNativeTarget;
			buildConfigurationList = 2A8D587B2CBBB65E00195C72 /* Build configuration list for PBXNativeTarget "JYTools" */;
			buildPhases = (
				2A8D58642CBBB65C00195C72 /* Sources */,
				2A8D58652CBBB65C00195C72 /* Frameworks */,
				2A8D58662CBBB65C00195C72 /* Resources */,
			);
			buildRules = (
			);
			dependencies = (
			);
			name = JYTools;
			packageProductDependencies = (
			);
			productName = JYTools;
			productReference = 2A8D58682CBBB65C00195C72 /* JYTools.app */;
			productType = "com.apple.product-type.application";
		};
/* End PBXNativeTarget section */

/* Begin PBXProject section */
		2A8D58602CBBB65C00195C72 /* Project object */ = {
			isa = PBXProject;
			attributes = {
				BuildIndependentTargetsInParallel = 1;
				LastSwiftUpdateCheck = 1600;
				LastUpgradeCheck = 1600;
				TargetAttributes = {
					2A8D58672CBBB65C00195C72 = {
						CreatedOnToolsVersion = 16.0;
					};
				};
			};
			buildConfigurationList = 2A8D58632CBBB65C00195C72 /* Build configuration list for PBXProject "JYTools" */;
			developmentRegion = en;
			hasScannedForEncodings = 0;
			knownRegions = (
				en,
				Base,
			);
			mainGroup = 2A8D585F2CBBB65C00195C72;
			minimizedProjectReferenceProxies = 1;
			preferredProjectObjectVersion = 77;
			productRefGroup = 2A8D58692CBBB65C00195C72 /* Products */;
			projectDirPath = "";
			projectRoot = "";
			targets = (
				2A8D58672CBBB65C00195C72 /* JYTools */,
			);
		};
/* End PBXProject section */

/* Begin PBXResourcesBuildPhase section */
		2A8D58662CBBB65C00195C72 /* Resources */ = {
			isa = PBXResourcesBuildPhase;
			buildActionMask = 2147483647;
			files = (
				2AF49E1B2CBBEF5900663FD5 /* JY_Localization_Tool.md in Resources */,
				2AF49E462CBBF05800663FD5 /* TextField 说明.md in Resources */,
				2AF49E392CBBEF6100663FD5 /* Screen 说明.md in Resources */,
				2A8D58B02CBBB71000195C72 /* Assets.xcassets in Resources */,
				2AF49E2A2CBBEF5D00663FD5 /* Extension 说明.md in Resources */,
				2A8D58B22CBBB71000195C72 /* LaunchScreen.storyboard in Resources */,
				2AF49E542CBBF5A300663FD5 /* JYTools.strings in Resources */,
				2AF49E3E2CBBEF7800663FD5 /* Tool 说明.md in Resources */,
				2A8D58B32CBBB71000195C72 /* Main.storyboard in Resources */,
			);
			runOnlyForDeploymentPostprocessing = 0;
		};
/* End PBXResourcesBuildPhase section */

/* Begin PBXSourcesBuildPhase section */
		2A8D58642CBBB65C00195C72 /* Sources */ = {
			isa = PBXSourcesBuildPhase;
			buildActionMask = 2147483647;
			files = (
				2A8D58AD2CBBB71000195C72 /* AppDelegate.swift in Sources */,
				2A8D58AE2CBBB71000195C72 /* SceneDelegate.swift in Sources */,
				2AF49E1C2CBBEF5900663FD5 /* JY_Enum_Language.swift in Sources */,
				2AF49E492CBBF11900663FD5 /* JY_Base_Controller.swift in Sources */,
				2AF49E1D2CBBEF5900663FD5 /* JY_Localization_Tool.swift in Sources */,
				2AF49E1E2CBBEF5900663FD5 /* JY_Localization_Tool_Extension.swift in Sources */,
				2AF49E442CBBF03500663FD5 /* JY_TextField.swift in Sources */,
				2AF49E2B2CBBEF5D00663FD5 /* JY_Date_Tool.swift in Sources */,
				2AF49E2C2CBBEF5D00663FD5 /* JY_Extension_CommonCrypto.swift in Sources */,
				2AF49E2D2CBBEF5D00663FD5 /* JY_Extension_Int.swift in Sources */,
				2AF49E4D2CBBF17400663FD5 /* JY_Enum_BaseController_Status.swift in Sources */,
				2AF49E4B2CBBF13400663FD5 /* JY_Base_Loading_View.swift in Sources */,
				2AF49E2E2CBBEF5D00663FD5 /* JY_Extension_UIApplication.swift in Sources */,
				2AF49E2F2CBBEF5D00663FD5 /* JY_Extension_UIColor.swift in Sources */,
				2AF49E3A2CBBEF6100663FD5 /* JY_Device.swift in Sources */,
				2AF49E3B2CBBEF6100663FD5 /* JY_Extension_UIDevice.swift in Sources */,
				2AF49E412CBBEFD600663FD5 /* JY_Json_Tool.swift in Sources */,
				2AF49E3C2CBBEF6100663FD5 /* JY_Extension_UIScreen.swift in Sources */,
				2AF49E302CBBEF5D00663FD5 /* JY_Extension_UIFont.swift in Sources */,
				2AF49E4F2CBBF19C00663FD5 /* JY_Status_View.swift in Sources */,
				2AF49E312CBBEF5D00663FD5 /* JY_Extension_UIImage.swift in Sources */,
				2AF49E322CBBEF5D00663FD5 /* JY_Extension_UIWindow.swift in Sources */,
				2AF49E332CBBEF5D00663FD5 /* JY_FileManager_Tool.swift in Sources */,
				2A8D58AF2CBBB71000195C72 /* ViewController.swift in Sources */,
				2AF49E132CBBEF5700663FD5 /* JY_Sandbox_Tool.swift in Sources */,
				2AF49E142CBBEF5700663FD5 /* JY_Sandbox_Tool_Cache.swift in Sources */,
				2AF49E152CBBEF5700663FD5 /* JY_Sandbox_Tool_Path.swift in Sources */,
				A117B5272D228E1500288513 /* JY_Controller_Config.swift in Sources */,
				2AF49E512CBBF1C000663FD5 /* BaseController 说明.md in Sources */,
			);
			runOnlyForDeploymentPostprocessing = 0;
		};
/* End PBXSourcesBuildPhase section */

/* Begin PBXVariantGroup section */
		2A8D58A72CBBB71000195C72 /* LaunchScreen.storyboard */ = {
			isa = PBXVariantGroup;
			children = (
				2A8D58A62CBBB71000195C72 /* Base */,
			);
			name = LaunchScreen.storyboard;
			sourceTree = "<group>";
		};
		2A8D58A92CBBB71000195C72 /* Main.storyboard */ = {
			isa = PBXVariantGroup;
			children = (
				2A8D58A82CBBB71000195C72 /* Base */,
			);
			name = Main.storyboard;
			sourceTree = "<group>";
		};
		2AF49E522CBBF5A300663FD5 /* JYTools.strings */ = {
			isa = PBXVariantGroup;
			children = (
				2AF49E532CBBF5A300663FD5 /* en */,
			);
			name = JYTools.strings;
			sourceTree = "<group>";
		};
/* End PBXVariantGroup section */

/* Begin XCBuildConfiguration section */
		2A8D587C2CBBB65E00195C72 /* Debug */ = {
			isa = XCBuildConfiguration;
			buildSettings = {
				ASSETCATALOG_COMPILER_APPICON_NAME = AppIcon;
				ASSETCATALOG_COMPILER_GLOBAL_ACCENT_COLOR_NAME = AccentColor;
				CODE_SIGN_STYLE = Automatic;
				CURRENT_PROJECT_VERSION = 1;
				GENERATE_INFOPLIST_FILE = YES;
				INFOPLIST_FILE = JYTools/Info.plist;
				INFOPLIST_KEY_UIApplicationSupportsIndirectInputEvents = YES;
				INFOPLIST_KEY_UILaunchStoryboardName = LaunchScreen;
				INFOPLIST_KEY_UIMainStoryboardFile = Main;
				INFOPLIST_KEY_UISupportedInterfaceOrientations = UIInterfaceOrientationPortrait;
				INFOPLIST_KEY_UISupportedInterfaceOrientations_iPad = "UIInterfaceOrientationLandscapeLeft UIInterfaceOrientationLandscapeRight UIInterfaceOrientationPortrait UIInterfaceOrientationPortraitUpsideDown";
				LD_RUNPATH_SEARCH_PATHS = (
					"$(inherited)",
					"@executable_path/Frameworks",
				);
				MARKETING_VERSION = 1.0.0;
				PRODUCT_BUNDLE_IDENTIFIER = com.JYYQLin.JYTools;
				PRODUCT_NAME = "$(TARGET_NAME)";
				SWIFT_EMIT_LOC_STRINGS = YES;
				SWIFT_VERSION = 5.0;
				TARGETED_DEVICE_FAMILY = "1,2";
			};
			name = Debug;
		};
		2A8D587D2CBBB65E00195C72 /* Release */ = {
			isa = XCBuildConfiguration;
			buildSettings = {
				ASSETCATALOG_COMPILER_APPICON_NAME = AppIcon;
				ASSETCATALOG_COMPILER_GLOBAL_ACCENT_COLOR_NAME = AccentColor;
				CODE_SIGN_STYLE = Automatic;
				CURRENT_PROJECT_VERSION = 1;
				GENERATE_INFOPLIST_FILE = YES;
				INFOPLIST_FILE = JYTools/Info.plist;
				INFOPLIST_KEY_UIApplicationSupportsIndirectInputEvents = YES;
				INFOPLIST_KEY_UILaunchStoryboardName = LaunchScreen;
				INFOPLIST_KEY_UIMainStoryboardFile = Main;
				INFOPLIST_KEY_UISupportedInterfaceOrientations = UIInterfaceOrientationPortrait;
				INFOPLIST_KEY_UISupportedInterfaceOrientations_iPad = "UIInterfaceOrientationLandscapeLeft UIInterfaceOrientationLandscapeRight UIInterfaceOrientationPortrait UIInterfaceOrientationPortraitUpsideDown";
				LD_RUNPATH_SEARCH_PATHS = (
					"$(inherited)",
					"@executable_path/Frameworks",
				);
				MARKETING_VERSION = 1.0.0;
				PRODUCT_BUNDLE_IDENTIFIER = com.JYYQLin.JYTools;
				PRODUCT_NAME = "$(TARGET_NAME)";
				SWIFT_EMIT_LOC_STRINGS = YES;
				SWIFT_VERSION = 5.0;
				TARGETED_DEVICE_FAMILY = "1,2";
			};
			name = Release;
		};
		2A8D587E2CBBB65E00195C72 /* Debug */ = {
			isa = XCBuildConfiguration;
			buildSettings = {
				ALWAYS_SEARCH_USER_PATHS = NO;
				ASSETCATALOG_COMPILER_GENERATE_SWIFT_ASSET_SYMBOL_EXTENSIONS = YES;
				CLANG_ANALYZER_NONNULL = YES;
				CLANG_ANALYZER_NUMBER_OBJECT_CONVERSION = YES_AGGRESSIVE;
				CLANG_CXX_LANGUAGE_STANDARD = "gnu++20";
				CLANG_ENABLE_MODULES = YES;
				CLANG_ENABLE_OBJC_ARC = YES;
				CLANG_ENABLE_OBJC_WEAK = YES;
				CLANG_WARN_BLOCK_CAPTURE_AUTORELEASING = YES;
				CLANG_WARN_BOOL_CONVERSION = YES;
				CLANG_WARN_COMMA = YES;
				CLANG_WARN_CONSTANT_CONVERSION = YES;
				CLANG_WARN_DEPRECATED_OBJC_IMPLEMENTATIONS = YES;
				CLANG_WARN_DIRECT_OBJC_ISA_USAGE = YES_ERROR;
				CLANG_WARN_DOCUMENTATION_COMMENTS = YES;
				CLANG_WARN_EMPTY_BODY = YES;
				CLANG_WARN_ENUM_CONVERSION = YES;
				CLANG_WARN_INFINITE_RECURSION = YES;
				CLANG_WARN_INT_CONVERSION = YES;
				CLANG_WARN_NON_LITERAL_NULL_CONVERSION = YES;
				CLANG_WARN_OBJC_IMPLICIT_RETAIN_SELF = YES;
				CLANG_WARN_OBJC_LITERAL_CONVERSION = YES;
				CLANG_WARN_OBJC_ROOT_CLASS = YES_ERROR;
				CLANG_WARN_QUOTED_INCLUDE_IN_FRAMEWORK_HEADER = YES;
				CLANG_WARN_RANGE_LOOP_ANALYSIS = YES;
				CLANG_WARN_STRICT_PROTOTYPES = YES;
				CLANG_WARN_SUSPICIOUS_MOVE = YES;
				CLANG_WARN_UNGUARDED_AVAILABILITY = YES_AGGRESSIVE;
				CLANG_WARN_UNREACHABLE_CODE = YES;
				CLANG_WARN__DUPLICATE_METHOD_MATCH = YES;
				COPY_PHASE_STRIP = NO;
				DEBUG_INFORMATION_FORMAT = dwarf;
				ENABLE_STRICT_OBJC_MSGSEND = YES;
				ENABLE_TESTABILITY = YES;
				ENABLE_USER_SCRIPT_SANDBOXING = YES;
				GCC_C_LANGUAGE_STANDARD = gnu17;
				GCC_DYNAMIC_NO_PIC = NO;
				GCC_NO_COMMON_BLOCKS = YES;
				GCC_OPTIMIZATION_LEVEL = 0;
				GCC_PREPROCESSOR_DEFINITIONS = (
					"DEBUG=1",
					"$(inherited)",
				);
				GCC_WARN_64_TO_32_BIT_CONVERSION = YES;
				GCC_WARN_ABOUT_RETURN_TYPE = YES_ERROR;
				GCC_WARN_UNDECLARED_SELECTOR = YES;
				GCC_WARN_UNINITIALIZED_AUTOS = YES_AGGRESSIVE;
				GCC_WARN_UNUSED_FUNCTION = YES;
				GCC_WARN_UNUSED_VARIABLE = YES;
				IPHONEOS_DEPLOYMENT_TARGET = 18.0;
				LOCALIZATION_PREFERS_STRING_CATALOGS = YES;
				MTL_ENABLE_DEBUG_INFO = INCLUDE_SOURCE;
				MTL_FAST_MATH = YES;
				ONLY_ACTIVE_ARCH = YES;
				SDKROOT = iphoneos;
				SWIFT_ACTIVE_COMPILATION_CONDITIONS = "DEBUG $(inherited)";
				SWIFT_OPTIMIZATION_LEVEL = "-Onone";
			};
			name = Debug;
		};
		2A8D587F2CBBB65E00195C72 /* Release */ = {
			isa = XCBuildConfiguration;
			buildSettings = {
				ALWAYS_SEARCH_USER_PATHS = NO;
				ASSETCATALOG_COMPILER_GENERATE_SWIFT_ASSET_SYMBOL_EXTENSIONS = YES;
				CLANG_ANALYZER_NONNULL = YES;
				CLANG_ANALYZER_NUMBER_OBJECT_CONVERSION = YES_AGGRESSIVE;
				CLANG_CXX_LANGUAGE_STANDARD = "gnu++20";
				CLANG_ENABLE_MODULES = YES;
				CLANG_ENABLE_OBJC_ARC = YES;
				CLANG_ENABLE_OBJC_WEAK = YES;
				CLANG_WARN_BLOCK_CAPTURE_AUTORELEASING = YES;
				CLANG_WARN_BOOL_CONVERSION = YES;
				CLANG_WARN_COMMA = YES;
				CLANG_WARN_CONSTANT_CONVERSION = YES;
				CLANG_WARN_DEPRECATED_OBJC_IMPLEMENTATIONS = YES;
				CLANG_WARN_DIRECT_OBJC_ISA_USAGE = YES_ERROR;
				CLANG_WARN_DOCUMENTATION_COMMENTS = YES;
				CLANG_WARN_EMPTY_BODY = YES;
				CLANG_WARN_ENUM_CONVERSION = YES;
				CLANG_WARN_INFINITE_RECURSION = YES;
				CLANG_WARN_INT_CONVERSION = YES;
				CLANG_WARN_NON_LITERAL_NULL_CONVERSION = YES;
				CLANG_WARN_OBJC_IMPLICIT_RETAIN_SELF = YES;
				CLANG_WARN_OBJC_LITERAL_CONVERSION = YES;
				CLANG_WARN_OBJC_ROOT_CLASS = YES_ERROR;
				CLANG_WARN_QUOTED_INCLUDE_IN_FRAMEWORK_HEADER = YES;
				CLANG_WARN_RANGE_LOOP_ANALYSIS = YES;
				CLANG_WARN_STRICT_PROTOTYPES = YES;
				CLANG_WARN_SUSPICIOUS_MOVE = YES;
				CLANG_WARN_UNGUARDED_AVAILABILITY = YES_AGGRESSIVE;
				CLANG_WARN_UNREACHABLE_CODE = YES;
				CLANG_WARN__DUPLICATE_METHOD_MATCH = YES;
				COPY_PHASE_STRIP = NO;
				DEBUG_INFORMATION_FORMAT = "dwarf-with-dsym";
				ENABLE_NS_ASSERTIONS = NO;
				ENABLE_STRICT_OBJC_MSGSEND = YES;
				ENABLE_USER_SCRIPT_SANDBOXING = YES;
				GCC_C_LANGUAGE_STANDARD = gnu17;
				GCC_NO_COMMON_BLOCKS = YES;
				GCC_WARN_64_TO_32_BIT_CONVERSION = YES;
				GCC_WARN_ABOUT_RETURN_TYPE = YES_ERROR;
				GCC_WARN_UNDECLARED_SELECTOR = YES;
				GCC_WARN_UNINITIALIZED_AUTOS = YES_AGGRESSIVE;
				GCC_WARN_UNUSED_FUNCTION = YES;
				GCC_WARN_UNUSED_VARIABLE = YES;
				IPHONEOS_DEPLOYMENT_TARGET = 18.0;
				LOCALIZATION_PREFERS_STRING_CATALOGS = YES;
				MTL_ENABLE_DEBUG_INFO = NO;
				MTL_FAST_MATH = YES;
				SDKROOT = iphoneos;
				SWIFT_COMPILATION_MODE = wholemodule;
				VALIDATE_PRODUCT = YES;
			};
			name = Release;
		};
/* End XCBuildConfiguration section */

/* Begin XCConfigurationList section */
		2A8D58632CBBB65C00195C72 /* Build configuration list for PBXProject "JYTools" */ = {
			isa = XCConfigurationList;
			buildConfigurations = (
				2A8D587E2CBBB65E00195C72 /* Debug */,
				2A8D587F2CBBB65E00195C72 /* Release */,
			);
			defaultConfigurationIsVisible = 0;
			defaultConfigurationName = Release;
		};
		2A8D587B2CBBB65E00195C72 /* Build configuration list for PBXNativeTarget "JYTools" */ = {
			isa = XCConfigurationList;
			buildConfigurations = (
				2A8D587C2CBBB65E00195C72 /* Debug */,
				2A8D587D2CBBB65E00195C72 /* Release */,
			);
			defaultConfigurationIsVisible = 0;
			defaultConfigurationName = Release;
		};
/* End XCConfigurationList section */
	};
	rootObject = 2A8D58602CBBB65C00195C72 /* Project object */;
}
